
Microsoft Visual Studio Solution File, Format Version 12.00
Project("{FAE04EC0-301F-11D3-BF4B-00C04F79EFBC}") = "TransactionManagementAPI", "TransactionManagementAPI\TransactionManagementAPI.csproj", "{D6147DAD-51AD-4B53-B338-29D0C0684427}"
EndProject
Global
	GlobalSection(SolutionConfigurationPlatforms) = preSolution
		Debug|Any CPU = Debug|Any CPU
		Release|Any CPU = Release|Any CPU
	EndGlobalSection
	GlobalSection(ProjectConfigurationPlatforms) = postSolution
		{D6147DAD-51AD-4B53-B338-29D0C0684427}.Debug|Any CPU.ActiveCfg = Debug|Any CPU
		{D6147DAD-51AD-4B53-B338-29D0C0684427}.Debug|Any CPU.Build.0 = Debug|Any CPU
		{D6147DAD-51AD-4B53-B338-29D0C0684427}.Release|Any CPU.ActiveCfg = Release|Any CPU
		{D6147DAD-51AD-4B53-B338-29D0C0684427}.Release|Any CPU.Build.0 = Release|Any CPU
	EndGlobalSection
EndGlobal
